# This file was autogenerated by Stack.
# You should not edit this file by hand.
# For more information, please see the documentation at:
#   https://docs.haskellstack.org/en/stable/lock_files

packages: []
snapshots:
- completed:
    sha256: 9f8b7563aeafe035eae2304131454e6c1a96611ad9921dde6981474e988a5873
    size: 608629
    url: https://raw.githubusercontent.com/commercialhaskell/stackage-snapshots/master/nightly/2023/4/21.yaml
  original: nightly-2023-04-21
