# This file was autogenerated by Stack.
# You should not edit this file by hand.
# For more information, please see the documentation at:
#   https://docs.haskellstack.org/en/stable/lock_files

packages: []
snapshots:
- completed:
    size: 458453
    url: https://raw.githubusercontent.com/commercialhaskell/stackage-snapshots/master/nightly/2020/1/19.yaml
    sha256: 86ccc1bdbea73b2c211685f9156d3483e405153b24f60248d6cb6771da80bfbd
  original: nightly-2020-01-19
